
Microsoft Visual Studio Solution File, Format Version 12.00
# Visual Studio Version 17
VisualStudioVersion = 17.11.35303.130
MinimumVisualStudioVersion = 10.0.40219.1
Project("{FAE04EC0-301F-11D3-BF4B-00C04F79EFBC}") = "InventoryManagementSystem", "InventoryManagementSystem\InventoryManagementSystem.csproj", "{5232E70C-ECFF-461A-A547-7363783EE027}"
EndProject
Global
	GlobalSection(SolutionConfigurationPlatforms) = preSolution
		Debug|Any CPU = Debug|Any CPU
		Release|Any CPU = Release|Any CPU
	EndGlobalSection
	GlobalSection(ProjectConfigurationPlatforms) = postSolution
		{5232E70C-ECFF-461A-A547-7363783EE027}.Debug|Any CPU.ActiveCfg = Debug|Any CPU
		{5232E70C-ECFF-461A-A547-7363783EE027}.Debug|Any CPU.Build.0 = Debug|Any CPU
		{5232E70C-ECFF-461A-A547-7363783EE027}.Release|Any CPU.ActiveCfg = Release|Any CPU
		{5232E70C-ECFF-461A-A547-7363783EE027}.Release|Any CPU.Build.0 = Release|Any CPU
	EndGlobalSection
	GlobalSection(SolutionProperties) = preSolution
		HideSolutionNode = FALSE
	EndGlobalSection
	GlobalSection(ExtensibilityGlobals) = postSolution
		SolutionGuid = {951191C8-4412-4EC1-A244-95598D83068D}
	EndGlobalSection
EndGlobal
